
Microsoft Visual Studio Solution File, Format Version 12.00
# Visual Studio Version 16
VisualStudioVersion = 16.0.32228.343
MinimumVisualStudioVersion = 10.0.40219.1
Project("{FAE04EC0-301F-11D3-BF4B-00C04F79EFBC}") = "VNStory.Web", "VNStory.Web\VNStory.Web.csproj", "{2FD1907B-2FA7-463F-86A7-F7888202D196}"
EndProject
Global
	GlobalSection(SolutionConfigurationPlatforms) = preSolution
		Debug|Any CPU = Debug|Any CPU
		Release|Any CPU = Release|Any CPU
	EndGlobalSection
	GlobalSection(ProjectConfigurationPlatforms) = postSolution
		{2FD1907B-2FA7-463F-86A7-F7888202D196}.Debug|Any CPU.ActiveCfg = Debug|Any CPU
		{2FD1907B-2FA7-463F-86A7-F7888202D196}.Debug|Any CPU.Build.0 = Debug|Any CPU
		{2FD1907B-2FA7-463F-86A7-F7888202D196}.Release|Any CPU.ActiveCfg = Release|Any CPU
		{2FD1907B-2FA7-463F-86A7-F7888202D196}.Release|Any CPU.Build.0 = Release|Any CPU
	EndGlobalSection
	GlobalSection(SolutionProperties) = preSolution
		HideSolutionNode = FALSE
	EndGlobalSection
	GlobalSection(ExtensibilityGlobals) = postSolution
		SolutionGuid = {99CE56C4-60AE-4B14-B0A1-2D3A5D2A4F4B}
	EndGlobalSection
EndGlobal
